
Microsoft Visual Studio Solution File, Format Version 12.00
# Visual Studio Version 17
VisualStudioVersion = 17.2.32616.157
MinimumVisualStudioVersion = 10.0.40219.1
Project("{FAE04EC0-301F-11D3-BF4B-00C04F79EFBC}") = "UserRegistration", "UserRegistration\UserRegistration.csproj", "{868CBA7B-5196-46CA-AFBB-0A13DFF5719D}"
EndProject
Global
	GlobalSection(SolutionConfigurationPlatforms) = preSolution
		Debug|Any CPU = Debug|Any CPU
		Release|Any CPU = Release|Any CPU
	EndGlobalSection
	GlobalSection(ProjectConfigurationPlatforms) = postSolution
		{868CBA7B-5196-46CA-AFBB-0A13DFF5719D}.Debug|Any CPU.ActiveCfg = Debug|Any CPU
		{868CBA7B-5196-46CA-AFBB-0A13DFF5719D}.Debug|Any CPU.Build.0 = Debug|Any CPU
		{868CBA7B-5196-46CA-AFBB-0A13DFF5719D}.Release|Any CPU.ActiveCfg = Release|Any CPU
		{868CBA7B-5196-46CA-AFBB-0A13DFF5719D}.Release|Any CPU.Build.0 = Release|Any CPU
	EndGlobalSection
	GlobalSection(SolutionProperties) = preSolution
		HideSolutionNode = FALSE
	EndGlobalSection
	GlobalSection(ExtensibilityGlobals) = postSolution
		SolutionGuid = {5AEE202C-CC9B-4DA9-82E5-31C49382A90D}
	EndGlobalSection
EndGlobal
